
Microsoft Visual Studio Solution File, Format Version 11.00
# Visual Studio 2010
Project("{FAE04EC0-301F-11D3-BF4B-00C04F79EFBC}") = "Domain", "Domain\Domain.csproj", "{D34A33C8-43DF-4F14-B8BC-90E7A8806E59}"
EndProject
Project("{FAE04EC0-301F-11D3-BF4B-00C04F79EFBC}") = "Plain-App", "Plain-App\Plain-App.csproj", "{2584C99F-1E5E-4573-9178-E8DBBE221822}"
EndProject
Project("{FAE04EC0-301F-11D3-BF4B-00C04F79EFBC}") = "Layered-App", "Layered-App\Layered-App.csproj", "{4D12DBB1-831E-4B80-A433-2EAE6133CDD9}"
EndProject
Project("{FAE04EC0-301F-11D3-BF4B-00C04F79EFBC}") = "DAL", "DAL\DAL.csproj", "{26961BC4-A0EA-4234-9D48-278989E88418}"
EndProject
Project("{FAE04EC0-301F-11D3-BF4B-00C04F79EFBC}") = "Tests", "Tests\Tests.csproj", "{296A6CAA-AE16-4F61-B70A-8B8D8B386B67}"
EndProject
Project("{2150E333-8FDC-42A3-9474-1A3956D46DE8}") = "Solution Items", "Solution Items", "{180C05E6-D53F-4D99-94BA-B3C623D036EC}"
	ProjectSection(SolutionItems) = preProject
		Local.testsettings = Local.testsettings
		TraceAndTestImpact.testsettings = TraceAndTestImpact.testsettings
		winforms-architecture-patterns.vsmdi = winforms-architecture-patterns.vsmdi
	EndProjectSection
EndProject
Project("{FAE04EC0-301F-11D3-BF4B-00C04F79EFBC}") = "MVP-PassiveView-App", "MVP-PassiveView-App\MVP-PassiveView-App.csproj", "{CA8D0756-D9D7-489F-B997-2A7CA558FF1B}"
EndProject
Global
	GlobalSection(TestCaseManagementSettings) = postSolution
		CategoryFile = winforms-architecture-patterns.vsmdi
	EndGlobalSection
	GlobalSection(SolutionConfigurationPlatforms) = preSolution
		Debug|Any CPU = Debug|Any CPU
		Debug|Mixed Platforms = Debug|Mixed Platforms
		Debug|x86 = Debug|x86
		Release|Any CPU = Release|Any CPU
		Release|Mixed Platforms = Release|Mixed Platforms
		Release|x86 = Release|x86
	EndGlobalSection
	GlobalSection(ProjectConfigurationPlatforms) = postSolution
		{D34A33C8-43DF-4F14-B8BC-90E7A8806E59}.Debug|Any CPU.ActiveCfg = Debug|Any CPU
		{D34A33C8-43DF-4F14-B8BC-90E7A8806E59}.Debug|Any CPU.Build.0 = Debug|Any CPU
		{D34A33C8-43DF-4F14-B8BC-90E7A8806E59}.Debug|Mixed Platforms.ActiveCfg = Debug|Any CPU
		{D34A33C8-43DF-4F14-B8BC-90E7A8806E59}.Debug|Mixed Platforms.Build.0 = Debug|Any CPU
		{D34A33C8-43DF-4F14-B8BC-90E7A8806E59}.Debug|x86.ActiveCfg = Debug|Any CPU
		{D34A33C8-43DF-4F14-B8BC-90E7A8806E59}.Release|Any CPU.ActiveCfg = Release|Any CPU
		{D34A33C8-43DF-4F14-B8BC-90E7A8806E59}.Release|Any CPU.Build.0 = Release|Any CPU
		{D34A33C8-43DF-4F14-B8BC-90E7A8806E59}.Release|Mixed Platforms.ActiveCfg = Release|Any CPU
		{D34A33C8-43DF-4F14-B8BC-90E7A8806E59}.Release|Mixed Platforms.Build.0 = Release|Any CPU
		{D34A33C8-43DF-4F14-B8BC-90E7A8806E59}.Release|x86.ActiveCfg = Release|Any CPU
		{2584C99F-1E5E-4573-9178-E8DBBE221822}.Debug|Any CPU.ActiveCfg = Debug|x86
		{2584C99F-1E5E-4573-9178-E8DBBE221822}.Debug|Mixed Platforms.ActiveCfg = Debug|x86
		{2584C99F-1E5E-4573-9178-E8DBBE221822}.Debug|Mixed Platforms.Build.0 = Debug|x86
		{2584C99F-1E5E-4573-9178-E8DBBE221822}.Debug|x86.ActiveCfg = Debug|x86
		{2584C99F-1E5E-4573-9178-E8DBBE221822}.Debug|x86.Build.0 = Debug|x86
		{2584C99F-1E5E-4573-9178-E8DBBE221822}.Release|Any CPU.ActiveCfg = Release|x86
		{2584C99F-1E5E-4573-9178-E8DBBE221822}.Release|Mixed Platforms.ActiveCfg = Release|x86
		{2584C99F-1E5E-4573-9178-E8DBBE221822}.Release|Mixed Platforms.Build.0 = Release|x86
		{2584C99F-1E5E-4573-9178-E8DBBE221822}.Release|x86.ActiveCfg = Release|x86
		{2584C99F-1E5E-4573-9178-E8DBBE221822}.Release|x86.Build.0 = Release|x86
		{4D12DBB1-831E-4B80-A433-2EAE6133CDD9}.Debug|Any CPU.ActiveCfg = Debug|x86
		{4D12DBB1-831E-4B80-A433-2EAE6133CDD9}.Debug|Mixed Platforms.ActiveCfg = Debug|x86
		{4D12DBB1-831E-4B80-A433-2EAE6133CDD9}.Debug|Mixed Platforms.Build.0 = Debug|x86
		{4D12DBB1-831E-4B80-A433-2EAE6133CDD9}.Debug|x86.ActiveCfg = Debug|x86
		{4D12DBB1-831E-4B80-A433-2EAE6133CDD9}.Debug|x86.Build.0 = Debug|x86
		{4D12DBB1-831E-4B80-A433-2EAE6133CDD9}.Release|Any CPU.ActiveCfg = Release|x86
		{4D12DBB1-831E-4B80-A433-2EAE6133CDD9}.Release|Mixed Platforms.ActiveCfg = Release|x86
		{4D12DBB1-831E-4B80-A433-2EAE6133CDD9}.Release|Mixed Platforms.Build.0 = Release|x86
		{4D12DBB1-831E-4B80-A433-2EAE6133CDD9}.Release|x86.ActiveCfg = Release|x86
		{4D12DBB1-831E-4B80-A433-2EAE6133CDD9}.Release|x86.Build.0 = Release|x86
		{26961BC4-A0EA-4234-9D48-278989E88418}.Debug|Any CPU.ActiveCfg = Debug|Any CPU
		{26961BC4-A0EA-4234-9D48-278989E88418}.Debug|Any CPU.Build.0 = Debug|Any CPU
		{26961BC4-A0EA-4234-9D48-278989E88418}.Debug|Mixed Platforms.ActiveCfg = Debug|Any CPU
		{26961BC4-A0EA-4234-9D48-278989E88418}.Debug|Mixed Platforms.Build.0 = Debug|Any CPU
		{26961BC4-A0EA-4234-9D48-278989E88418}.Debug|x86.ActiveCfg = Debug|Any CPU
		{26961BC4-A0EA-4234-9D48-278989E88418}.Release|Any CPU.ActiveCfg = Release|Any CPU
		{26961BC4-A0EA-4234-9D48-278989E88418}.Release|Any CPU.Build.0 = Release|Any CPU
		{26961BC4-A0EA-4234-9D48-278989E88418}.Release|Mixed Platforms.ActiveCfg = Release|Any CPU
		{26961BC4-A0EA-4234-9D48-278989E88418}.Release|Mixed Platforms.Build.0 = Release|Any CPU
		{26961BC4-A0EA-4234-9D48-278989E88418}.Release|x86.ActiveCfg = Release|Any CPU
		{296A6CAA-AE16-4F61-B70A-8B8D8B386B67}.Debug|Any CPU.ActiveCfg = Debug|Any CPU
		{296A6CAA-AE16-4F61-B70A-8B8D8B386B67}.Debug|Any CPU.Build.0 = Debug|Any CPU
		{296A6CAA-AE16-4F61-B70A-8B8D8B386B67}.Debug|Mixed Platforms.ActiveCfg = Debug|Any CPU
		{296A6CAA-AE16-4F61-B70A-8B8D8B386B67}.Debug|Mixed Platforms.Build.0 = Debug|Any CPU
		{296A6CAA-AE16-4F61-B70A-8B8D8B386B67}.Debug|x86.ActiveCfg = Debug|Any CPU
		{296A6CAA-AE16-4F61-B70A-8B8D8B386B67}.Release|Any CPU.ActiveCfg = Release|Any CPU
		{296A6CAA-AE16-4F61-B70A-8B8D8B386B67}.Release|Any CPU.Build.0 = Release|Any CPU
		{296A6CAA-AE16-4F61-B70A-8B8D8B386B67}.Release|Mixed Platforms.ActiveCfg = Release|Any CPU
		{296A6CAA-AE16-4F61-B70A-8B8D8B386B67}.Release|Mixed Platforms.Build.0 = Release|Any CPU
		{296A6CAA-AE16-4F61-B70A-8B8D8B386B67}.Release|x86.ActiveCfg = Release|Any CPU
		{CA8D0756-D9D7-489F-B997-2A7CA558FF1B}.Debug|Any CPU.ActiveCfg = Debug|x86
		{CA8D0756-D9D7-489F-B997-2A7CA558FF1B}.Debug|Mixed Platforms.ActiveCfg = Debug|x86
		{CA8D0756-D9D7-489F-B997-2A7CA558FF1B}.Debug|Mixed Platforms.Build.0 = Debug|x86
		{CA8D0756-D9D7-489F-B997-2A7CA558FF1B}.Debug|x86.ActiveCfg = Debug|x86
		{CA8D0756-D9D7-489F-B997-2A7CA558FF1B}.Debug|x86.Build.0 = Debug|x86
		{CA8D0756-D9D7-489F-B997-2A7CA558FF1B}.Release|Any CPU.ActiveCfg = Release|x86
		{CA8D0756-D9D7-489F-B997-2A7CA558FF1B}.Release|Mixed Platforms.ActiveCfg = Release|x86
		{CA8D0756-D9D7-489F-B997-2A7CA558FF1B}.Release|Mixed Platforms.Build.0 = Release|x86
		{CA8D0756-D9D7-489F-B997-2A7CA558FF1B}.Release|x86.ActiveCfg = Release|x86
		{CA8D0756-D9D7-489F-B997-2A7CA558FF1B}.Release|x86.Build.0 = Release|x86
	EndGlobalSection
	GlobalSection(SolutionProperties) = preSolution
		HideSolutionNode = FALSE
	EndGlobalSection
EndGlobal
